
Microsoft Visual Studio Solution File, Format Version 12.00
# Visual Studio Version 16
VisualStudioVersion = 16.0.31025.194
MinimumVisualStudioVersion = 10.0.40219.1
Project("{FAE04EC0-301F-11D3-BF4B-00C04F79EFBC}") = "ClientApp", "ClientApp\ClientApp.csproj", "{25364246-2BC5-4E69-A81E-3FBC768BA9A7}"
EndProject
Project("{FAE04EC0-301F-11D3-BF4B-00C04F79EFBC}") = "ServerApp", "ServerApp\ServerApp.csproj", "{F4AA7613-1D6B-4DC9-99F4-DE82530094D5}"
EndProject
Global
	GlobalSection(SolutionConfigurationPlatforms) = preSolution
		Debug|Any CPU = Debug|Any CPU
		Release|Any CPU = Release|Any CPU
	EndGlobalSection
	GlobalSection(ProjectConfigurationPlatforms) = postSolution
		{25364246-2BC5-4E69-A81E-3FBC768BA9A7}.Debug|Any CPU.ActiveCfg = Debug|Any CPU
		{25364246-2BC5-4E69-A81E-3FBC768BA9A7}.Debug|Any CPU.Build.0 = Debug|Any CPU
		{25364246-2BC5-4E69-A81E-3FBC768BA9A7}.Release|Any CPU.ActiveCfg = Release|Any CPU
		{25364246-2BC5-4E69-A81E-3FBC768BA9A7}.Release|Any CPU.Build.0 = Release|Any CPU
		{F4AA7613-1D6B-4DC9-99F4-DE82530094D5}.Debug|Any CPU.ActiveCfg = Debug|Any CPU
		{F4AA7613-1D6B-4DC9-99F4-DE82530094D5}.Debug|Any CPU.Build.0 = Debug|Any CPU
		{F4AA7613-1D6B-4DC9-99F4-DE82530094D5}.Release|Any CPU.ActiveCfg = Release|Any CPU
		{F4AA7613-1D6B-4DC9-99F4-DE82530094D5}.Release|Any CPU.Build.0 = Release|Any CPU
	EndGlobalSection
	GlobalSection(SolutionProperties) = preSolution
		HideSolutionNode = FALSE
	EndGlobalSection
	GlobalSection(ExtensibilityGlobals) = postSolution
		SolutionGuid = {9FACDC44-BEC3-497E-B390-D78712525FB2}
	EndGlobalSection
EndGlobal
